
Microsoft Visual Studio Solution File, Format Version 12.00
# Visual Studio Version 18
VisualStudioVersion = 18.7.11903.348
MinimumVisualStudioVersion = 10.0.40219.1
Project("{9A19103F-16F7-4668-BE54-9A1E7A4F7556}") = "HelixToolkit", "HelixToolkit\HelixToolkit.csproj", "{3A7C231F-024A-41BF-A360-8C5042271364}"
EndProject
Project("{9A19103F-16F7-4668-BE54-9A1E7A4F7556}") = "HelixToolkit.SharpDX", "HelixToolkit.SharpDX\HelixToolkit.SharpDX.csproj", "{56113455-9882-4DDB-8230-461876B5052F}"
	ProjectSection(ProjectDependencies) = postProject
		{543BF317-052B-4C91-B247-1ABB0D0F6A27} = {543BF317-052B-4C91-B247-1ABB0D0F6A27}
	EndProjectSection
EndProject
Project("{9A19103F-16F7-4668-BE54-9A1E7A4F7556}") = "HelixToolkit.Tests", "HelixToolkit.Tests\HelixToolkit.Tests.csproj", "{887DD640-AD6D-4FDC-96C4-B8FD3F57C1F8}"
EndProject
Project("{9A19103F-16F7-4668-BE54-9A1E7A4F7556}") = "HelixToolkit.SharpDX.Tests", "HelixToolkit.SharpDX.Tests\HelixToolkit.SharpDX.Tests.csproj", "{75BF8203-4FD3-4B68-BE90-A76F0D33C36B}"
EndProject
Project("{9A19103F-16F7-4668-BE54-9A1E7A4F7556}") = "HelixToolkit.Assimp", "HelixToolkit.Assimp\HelixToolkit.Assimp.csproj", "{42497A50-5C2E-4A35-8C1F-35029083BD8B}"
EndProject
Project("{9A19103F-16F7-4668-BE54-9A1E7A4F7556}") = "HelixToolkit.Assimp.Tests", "HelixToolkit.Assimp.Tests\HelixToolkit.Assimp.Tests.csproj", "{45C6C475-C0DA-4BF3-98F6-CF9EF7A3CEC8}"
EndProject
Project("{2150E333-8FDC-42A3-9474-1A3956D46DE8}") = "Examples", "Examples", "{B96B3A02-1D3A-404B-A5A7-2E9E72957FF0}"
EndProject
Project("{9A19103F-16F7-4668-BE54-9A1E7A4F7556}") = "HelixToolkit.SharpDX.Assimp", "HelixToolkit.SharpDX.Assimp\HelixToolkit.SharpDX.Assimp.csproj", "{A7B476D9-C033-404D-B796-692EA8DE8278}"
EndProject
Project("{9A19103F-16F7-4668-BE54-9A1E7A4F7556}") = "HelixToolkit.SharpDX.Assimp.Tests", "HelixToolkit.SharpDX.Assimp.Tests\HelixToolkit.SharpDX.Assimp.Tests.csproj", "{480402A4-FA7F-4D70-97F8-DCFCCA0FF012}"
EndProject
Project("{D954291E-2A0B-460D-934E-DC6B0785DB48}") = "HelixToolkit.SharpDX.SharedModel", "HelixToolkit.SharpDX.SharedModel\HelixToolkit.SharpDX.SharedModel.shproj", "{254360E5-0C36-44C9-A0FC-FB01B327CBA6}"
EndProject
Project("{9A19103F-16F7-4668-BE54-9A1E7A4F7556}") = "HelixToolkit.Native.ShaderBuilder", "HelixToolkit.Native.ShaderBuilder\HelixToolkit.Native.ShaderBuilder.csproj", "{543BF317-052B-4C91-B247-1ABB0D0F6A27}"
EndProject
Project("{9A19103F-16F7-4668-BE54-9A1E7A4F7556}") = "HelixToolkit.Maths", "HelixToolkit.Maths\HelixToolkit.Maths.csproj", "{DA85D1A4-2BD6-4869-A11F-28370A6A57BE}"
EndProject
Project("{9A19103F-16F7-4668-BE54-9A1E7A4F7556}") = "HelixToolkit.Geometry", "HelixToolkit.Geometry\HelixToolkit.Geometry.csproj", "{51CAF8F3-3218-45FD-8642-E6ADD50579E8}"
EndProject
Project("{FAE04EC0-301F-11D3-BF4B-00C04F79EFBC}") = "HelixToolkit.Geometry.Tests", "HelixToolkit.Geometry.Tests\HelixToolkit.Geometry.Tests.csproj", "{D9C59D03-F5CE-469B-85CB-A148E5D50D1B}"
EndProject
Project("{FAE04EC0-301F-11D3-BF4B-00C04F79EFBC}") = "HelixToolkit.Maths.Tests", "HelixToolkit.Maths.Tests\HelixToolkit.Maths.Tests.csproj", "{616C5296-272F-48B6-B6B9-D5E8DE0E9AA3}"
EndProject
Project("{FAE04EC0-301F-11D3-BF4B-00C04F79EFBC}") = "HelixToolkit.Perf", "HelixToolkit.Perf\HelixToolkit.Perf.csproj", "{58202322-86B7-1459-6ADF-020747A92DCB}"
EndProject
Project("{FAE04EC0-301F-11D3-BF4B-00C04F79EFBC}") = "HelixToolkit.Tests.Common", "HelixToolkit.Tests.Common\HelixToolkit.Tests.Common.csproj", "{3997131E-F284-4A41-93A3-801AA93CB6D1}"
EndProject
Project("{FAE04EC0-301F-11D3-BF4B-00C04F79EFBC}") = "HelixToolkit.Avalonia.SharpDX", "HelixToolkit.Avalonia.SharpDX\HelixToolkit.Avalonia.SharpDX.csproj", "{88C2CF9E-1FB5-4129-8EC7-0B415E107108}"
EndProject
Project("{2150E333-8FDC-42A3-9474-1A3956D46DE8}") = "Avalonia.SharpDX", "Avalonia.SharpDX", "{02EA681E-C7D8-13C7-8484-4AC65E1B71E8}"
EndProject
Project("{2150E333-8FDC-42A3-9474-1A3956D46DE8}") = "SolutionItems", "SolutionItems", "{A0D03153-CEC3-486F-893A-AD3D6E285847}"
	ProjectSection(SolutionItems) = preProject
		Directory.Build.props = Directory.Build.props
	EndProjectSection
EndProject
Project("{2150E333-8FDC-42A3-9474-1A3956D46DE8}") = "Doc", "Doc", "{6CD3A0A7-147D-4E70-ACDD-F738D96303A0}"
	ProjectSection(SolutionItems) = preProject
		..\AUTHORS = ..\AUTHORS
		..\CHANGELOG.md = ..\CHANGELOG.md
		..\CONTRIBUTORS = ..\CONTRIBUTORS
		..\DOCUMENTATION.md = ..\DOCUMENTATION.md
		..\DOC_GEN_CHECKLIST.md = ..\DOC_GEN_CHECKLIST.md
		..\DOC_GEN_SUMMARY.md = ..\DOC_GEN_SUMMARY.md
		..\LICENSE = ..\LICENSE
		..\README.md = ..\README.md
	EndProjectSection
EndProject
Project("{2150E333-8FDC-42A3-9474-1A3956D46DE8}") = "Workflows", "Workflows", "{2129A396-609D-4BAD-BF44-7905156C0ACE}"
	ProjectSection(SolutionItems) = preProject
		..\.github\workflows\ci.yml = ..\.github\workflows\ci.yml
		..\.github\workflows\documentation.yml = ..\.github\workflows\documentation.yml
		..\.github\workflows\manual-build.yml = ..\.github\workflows\manual-build.yml
	EndProjectSection
EndProject
Project("{FAE04EC0-301F-11D3-BF4B-00C04F79EFBC}") = "Demo", "Examples\Avalonia.SharpDX\Demo\Demo.csproj", "{2C08501B-2D2D-47D3-99BA-B202EA951B10}"
EndProject
Global
	GlobalSection(SolutionConfigurationPlatforms) = preSolution
		Debug|Any CPU = Debug|Any CPU
		Debug|ARM64 = Debug|ARM64
		Debug|x64 = Debug|x64
		Debug|x86 = Debug|x86
		Release|Any CPU = Release|Any CPU
		Release|ARM64 = Release|ARM64
		Release|x64 = Release|x64
		Release|x86 = Release|x86
	EndGlobalSection
	GlobalSection(ProjectConfigurationPlatforms) = postSolution
		{3A7C231F-024A-41BF-A360-8C5042271364}.Debug|Any CPU.ActiveCfg = Debug|Any CPU
		{3A7C231F-024A-41BF-A360-8C5042271364}.Debug|Any CPU.Build.0 = Debug|Any CPU
		{3A7C231F-024A-41BF-A360-8C5042271364}.Debug|ARM64.ActiveCfg = Debug|Any CPU
		{3A7C231F-024A-41BF-A360-8C5042271364}.Debug|ARM64.Build.0 = Debug|Any CPU
		{3A7C231F-024A-41BF-A360-8C5042271364}.Debug|x64.ActiveCfg = Debug|Any CPU
		{3A7C231F-024A-41BF-A360-8C5042271364}.Debug|x64.Build.0 = Debug|Any CPU
		{3A7C231F-024A-41BF-A360-8C5042271364}.Debug|x86.ActiveCfg = Debug|Any CPU
		{3A7C231F-024A-41BF-A360-8C5042271364}.Debug|x86.Build.0 = Debug|Any CPU
		{3A7C231F-024A-41BF-A360-8C5042271364}.Release|Any CPU.ActiveCfg = Release|Any CPU
		{3A7C231F-024A-41BF-A360-8C5042271364}.Release|Any CPU.Build.0 = Release|Any CPU
		{3A7C231F-024A-41BF-A360-8C5042271364}.Release|ARM64.ActiveCfg = Release|Any CPU
		{3A7C231F-024A-41BF-A360-8C5042271364}.Release|ARM64.Build.0 = Release|Any CPU
		{3A7C231F-024A-41BF-A360-8C5042271364}.Release|x64.ActiveCfg = Release|Any CPU
		{3A7C231F-024A-41BF-A360-8C5042271364}.Release|x64.Build.0 = Release|Any CPU
		{3A7C231F-024A-41BF-A360-8C5042271364}.Release|x86.ActiveCfg = Release|Any CPU
		{3A7C231F-024A-41BF-A360-8C5042271364}.Release|x86.Build.0 = Release|Any CPU
		{56113455-9882-4DDB-8230-461876B5052F}.Debug|Any CPU.ActiveCfg = Debug|Any CPU
		{56113455-9882-4DDB-8230-461876B5052F}.Debug|Any CPU.Build.0 = Debug|Any CPU
		{56113455-9882-4DDB-8230-461876B5052F}.Debug|ARM64.ActiveCfg = Debug|Any CPU
		{56113455-9882-4DDB-8230-461876B5052F}.Debug|ARM64.Build.0 = Debug|Any CPU
		{56113455-9882-4DDB-8230-461876B5052F}.Debug|x64.ActiveCfg = Debug|Any CPU
		{56113455-9882-4DDB-8230-461876B5052F}.Debug|x64.Build.0 = Debug|Any CPU
		{56113455-9882-4DDB-8230-461876B5052F}.Debug|x86.ActiveCfg = Debug|Any CPU
		{56113455-9882-4DDB-8230-461876B5052F}.Debug|x86.Build.0 = Debug|Any CPU
		{56113455-9882-4DDB-8230-461876B5052F}.Release|Any CPU.ActiveCfg = Release|Any CPU
		{56113455-9882-4DDB-8230-461876B5052F}.Release|Any CPU.Build.0 = Release|Any CPU
		{56113455-9882-4DDB-8230-461876B5052F}.Release|ARM64.ActiveCfg = Release|Any CPU
		{56113455-9882-4DDB-8230-461876B5052F}.Release|ARM64.Build.0 = Release|Any CPU
		{56113455-9882-4DDB-8230-461876B5052F}.Release|x64.ActiveCfg = Release|Any CPU
		{56113455-9882-4DDB-8230-461876B5052F}.Release|x64.Build.0 = Release|Any CPU
		{56113455-9882-4DDB-8230-461876B5052F}.Release|x86.ActiveCfg = Release|Any CPU
		{56113455-9882-4DDB-8230-461876B5052F}.Release|x86.Build.0 = Release|Any CPU
		{887DD640-AD6D-4FDC-96C4-B8FD3F57C1F8}.Debug|Any CPU.ActiveCfg = Debug|Any CPU
		{887DD640-AD6D-4FDC-96C4-B8FD3F57C1F8}.Debug|Any CPU.Build.0 = Debug|Any CPU
		{887DD640-AD6D-4FDC-96C4-B8FD3F57C1F8}.Debug|ARM64.ActiveCfg = Debug|Any CPU
		{887DD640-AD6D-4FDC-96C4-B8FD3F57C1F8}.Debug|ARM64.Build.0 = Debug|Any CPU
		{887DD640-AD6D-4FDC-96C4-B8FD3F57C1F8}.Debug|x64.ActiveCfg = Debug|Any CPU
		{887DD640-AD6D-4FDC-96C4-B8FD3F57C1F8}.Debug|x64.Build.0 = Debug|Any CPU
		{887DD640-AD6D-4FDC-96C4-B8FD3F57C1F8}.Debug|x86.ActiveCfg = Debug|Any CPU
		{887DD640-AD6D-4FDC-96C4-B8FD3F57C1F8}.Debug|x86.Build.0 = Debug|Any CPU
		{887DD640-AD6D-4FDC-96C4-B8FD3F57C1F8}.Release|Any CPU.ActiveCfg = Release|Any CPU
		{887DD640-AD6D-4FDC-96C4-B8FD3F57C1F8}.Release|Any CPU.Build.0 = Release|Any CPU
		{887DD640-AD6D-4FDC-96C4-B8FD3F57C1F8}.Release|ARM64.ActiveCfg = Release|Any CPU
		{887DD640-AD6D-4FDC-96C4-B8FD3F57C1F8}.Release|ARM64.Build.0 = Release|Any CPU
		{887DD640-AD6D-4FDC-96C4-B8FD3F57C1F8}.Release|x64.ActiveCfg = Release|Any CPU
		{887DD640-AD6D-4FDC-96C4-B8FD3F57C1F8}.Release|x64.Build.0 = Release|Any CPU
		{887DD640-AD6D-4FDC-96C4-B8FD3F57C1F8}.Release|x86.ActiveCfg = Release|Any CPU
		{887DD640-AD6D-4FDC-96C4-B8FD3F57C1F8}.Release|x86.Build.0 = Release|Any CPU
		{75BF8203-4FD3-4B68-BE90-A76F0D33C36B}.Debug|Any CPU.ActiveCfg = Debug|Any CPU
		{75BF8203-4FD3-4B68-BE90-A76F0D33C36B}.Debug|Any CPU.Build.0 = Debug|Any CPU
		{75BF8203-4FD3-4B68-BE90-A76F0D33C36B}.Debug|ARM64.ActiveCfg = Debug|Any CPU
		{75BF8203-4FD3-4B68-BE90-A76F0D33C36B}.Debug|ARM64.Build.0 = Debug|Any CPU
		{75BF8203-4FD3-4B68-BE90-A76F0D33C36B}.Debug|x64.ActiveCfg = Debug|Any CPU
		{75BF8203-4FD3-4B68-BE90-A76F0D33C36B}.Debug|x64.Build.0 = Debug|Any CPU
		{75BF8203-4FD3-4B68-BE90-A76F0D33C36B}.Debug|x86.ActiveCfg = Debug|Any CPU
		{75BF8203-4FD3-4B68-BE90-A76F0D33C36B}.Debug|x86.Build.0 = Debug|Any CPU
		{75BF8203-4FD3-4B68-BE90-A76F0D33C36B}.Release|Any CPU.ActiveCfg = Release|Any CPU
		{75BF8203-4FD3-4B68-BE90-A76F0D33C36B}.Release|Any CPU.Build.0 = Release|Any CPU
		{75BF8203-4FD3-4B68-BE90-A76F0D33C36B}.Release|ARM64.ActiveCfg = Release|Any CPU
		{75BF8203-4FD3-4B68-BE90-A76F0D33C36B}.Release|ARM64.Build.0 = Release|Any CPU
		{75BF8203-4FD3-4B68-BE90-A76F0D33C36B}.Release|x64.ActiveCfg = Release|Any CPU
		{75BF8203-4FD3-4B68-BE90-A76F0D33C36B}.Release|x64.Build.0 = Release|Any CPU
		{75BF8203-4FD3-4B68-BE90-A76F0D33C36B}.Release|x86.ActiveCfg = Release|Any CPU
		{75BF8203-4FD3-4B68-BE90-A76F0D33C36B}.Release|x86.Build.0 = Release|Any CPU
		{42497A50-5C2E-4A35-8C1F-35029083BD8B}.Debug|Any CPU.ActiveCfg = Debug|Any CPU
		{42497A50-5C2E-4A35-8C1F-35029083BD8B}.Debug|Any CPU.Build.0 = Debug|Any CPU
		{42497A50-5C2E-4A35-8C1F-35029083BD8B}.Debug|ARM64.ActiveCfg = Debug|Any CPU
		{42497A50-5C2E-4A35-8C1F-35029083BD8B}.Debug|ARM64.Build.0 = Debug|Any CPU
		{42497A50-5C2E-4A35-8C1F-35029083BD8B}.Debug|x64.ActiveCfg = Debug|Any CPU
		{42497A50-5C2E-4A35-8C1F-35029083BD8B}.Debug|x64.Build.0 = Debug|Any CPU
		{42497A50-5C2E-4A35-8C1F-35029083BD8B}.Debug|x86.ActiveCfg = Debug|Any CPU
		{42497A50-5C2E-4A35-8C1F-35029083BD8B}.Debug|x86.Build.0 = Debug|Any CPU
		{42497A50-5C2E-4A35-8C1F-35029083BD8B}.Release|Any CPU.ActiveCfg = Release|Any CPU
		{42497A50-5C2E-4A35-8C1F-35029083BD8B}.Release|Any CPU.Build.0 = Release|Any CPU
		{42497A50-5C2E-4A35-8C1F-35029083BD8B}.Release|ARM64.ActiveCfg = Release|Any CPU
		{42497A50-5C2E-4A35-8C1F-35029083BD8B}.Release|ARM64.Build.0 = Release|Any CPU
		{42497A50-5C2E-4A35-8C1F-35029083BD8B}.Release|x64.ActiveCfg = Release|Any CPU
		{42497A50-5C2E-4A35-8C1F-35029083BD8B}.Release|x64.Build.0 = Release|Any CPU
		{42497A50-5C2E-4A35-8C1F-35029083BD8B}.Release|x86.ActiveCfg = Release|Any CPU
		{42497A50-5C2E-4A35-8C1F-35029083BD8B}.Release|x86.Build.0 = Release|Any CPU
		{45C6C475-C0DA-4BF3-98F6-CF9EF7A3CEC8}.Debug|Any CPU.ActiveCfg = Debug|Any CPU
		{45C6C475-C0DA-4BF3-98F6-CF9EF7A3CEC8}.Debug|Any CPU.Build.0 = Debug|Any CPU
		{45C6C475-C0DA-4BF3-98F6-CF9EF7A3CEC8}.Debug|ARM64.ActiveCfg = Debug|Any CPU
		{45C6C475-C0DA-4BF3-98F6-CF9EF7A3CEC8}.Debug|ARM64.Build.0 = Debug|Any CPU
		{45C6C475-C0DA-4BF3-98F6-CF9EF7A3CEC8}.Debug|x64.ActiveCfg = Debug|Any CPU
		{45C6C475-C0DA-4BF3-98F6-CF9EF7A3CEC8}.Debug|x64.Build.0 = Debug|Any CPU
		{45C6C475-C0DA-4BF3-98F6-CF9EF7A3CEC8}.Debug|x86.ActiveCfg = Debug|Any CPU
		{45C6C475-C0DA-4BF3-98F6-CF9EF7A3CEC8}.Debug|x86.Build.0 = Debug|Any CPU
		{45C6C475-C0DA-4BF3-98F6-CF9EF7A3CEC8}.Release|Any CPU.ActiveCfg = Release|Any CPU
		{45C6C475-C0DA-4BF3-98F6-CF9EF7A3CEC8}.Release|Any CPU.Build.0 = Release|Any CPU
		{45C6C475-C0DA-4BF3-98F6-CF9EF7A3CEC8}.Release|ARM64.ActiveCfg = Release|Any CPU
		{45C6C475-C0DA-4BF3-98F6-CF9EF7A3CEC8}.Release|ARM64.Build.0 = Release|Any CPU
		{45C6C475-C0DA-4BF3-98F6-CF9EF7A3CEC8}.Release|x64.ActiveCfg = Release|Any CPU
		{45C6C475-C0DA-4BF3-98F6-CF9EF7A3CEC8}.Release|x64.Build.0 = Release|Any CPU
		{45C6C475-C0DA-4BF3-98F6-CF9EF7A3CEC8}.Release|x86.ActiveCfg = Release|Any CPU
		{45C6C475-C0DA-4BF3-98F6-CF9EF7A3CEC8}.Release|x86.Build.0 = Release|Any CPU
		{A7B476D9-C033-404D-B796-692EA8DE8278}.Debug|Any CPU.ActiveCfg = Debug|Any CPU
		{A7B476D9-C033-404D-B796-692EA8DE8278}.Debug|Any CPU.Build.0 = Debug|Any CPU
		{A7B476D9-C033-404D-B796-692EA8DE8278}.Debug|ARM64.ActiveCfg = Debug|Any CPU
		{A7B476D9-C033-404D-B796-692EA8DE8278}.Debug|ARM64.Build.0 = Debug|Any CPU
		{A7B476D9-C033-404D-B796-692EA8DE8278}.Debug|x64.ActiveCfg = Debug|Any CPU
		{A7B476D9-C033-404D-B796-692EA8DE8278}.Debug|x64.Build.0 = Debug|Any CPU
		{A7B476D9-C033-404D-B796-692EA8DE8278}.Debug|x86.ActiveCfg = Debug|Any CPU
		{A7B476D9-C033-404D-B796-692EA8DE8278}.Debug|x86.Build.0 = Debug|Any CPU
		{A7B476D9-C033-404D-B796-692EA8DE8278}.Release|Any CPU.ActiveCfg = Release|Any CPU
		{A7B476D9-C033-404D-B796-692EA8DE8278}.Release|Any CPU.Build.0 = Release|Any CPU
		{A7B476D9-C033-404D-B796-692EA8DE8278}.Release|ARM64.ActiveCfg = Release|Any CPU
		{A7B476D9-C033-404D-B796-692EA8DE8278}.Release|ARM64.Build.0 = Release|Any CPU
		{A7B476D9-C033-404D-B796-692EA8DE8278}.Release|x64.ActiveCfg = Release|Any CPU
		{A7B476D9-C033-404D-B796-692EA8DE8278}.Release|x64.Build.0 = Release|Any CPU
		{A7B476D9-C033-404D-B796-692EA8DE8278}.Release|x86.ActiveCfg = Release|Any CPU
		{A7B476D9-C033-404D-B796-692EA8DE8278}.Release|x86.Build.0 = Release|Any CPU
		{480402A4-FA7F-4D70-97F8-DCFCCA0FF012}.Debug|Any CPU.ActiveCfg = Debug|Any CPU
		{480402A4-FA7F-4D70-97F8-DCFCCA0FF012}.Debug|Any CPU.Build.0 = Debug|Any CPU
		{480402A4-FA7F-4D70-97F8-DCFCCA0FF012}.Debug|ARM64.ActiveCfg = Debug|Any CPU
		{480402A4-FA7F-4D70-97F8-DCFCCA0FF012}.Debug|ARM64.Build.0 = Debug|Any CPU
		{480402A4-FA7F-4D70-97F8-DCFCCA0FF012}.Debug|x64.ActiveCfg = Debug|Any CPU
		{480402A4-FA7F-4D70-97F8-DCFCCA0FF012}.Debug|x64.Build.0 = Debug|Any CPU
		{480402A4-FA7F-4D70-97F8-DCFCCA0FF012}.Debug|x86.ActiveCfg = Debug|Any CPU
		{480402A4-FA7F-4D70-97F8-DCFCCA0FF012}.Debug|x86.Build.0 = Debug|Any CPU
		{480402A4-FA7F-4D70-97F8-DCFCCA0FF012}.Release|Any CPU.ActiveCfg = Release|Any CPU
		{480402A4-FA7F-4D70-97F8-DCFCCA0FF012}.Release|Any CPU.Build.0 = Release|Any CPU
		{480402A4-FA7F-4D70-97F8-DCFCCA0FF012}.Release|ARM64.ActiveCfg = Release|Any CPU
		{480402A4-FA7F-4D70-97F8-DCFCCA0FF012}.Release|ARM64.Build.0 = Release|Any CPU
		{480402A4-FA7F-4D70-97F8-DCFCCA0FF012}.Release|x64.ActiveCfg = Release|Any CPU
		{480402A4-FA7F-4D70-97F8-DCFCCA0FF012}.Release|x64.Build.0 = Release|Any CPU
		{480402A4-FA7F-4D70-97F8-DCFCCA0FF012}.Release|x86.ActiveCfg = Release|Any CPU
		{480402A4-FA7F-4D70-97F8-DCFCCA0FF012}.Release|x86.Build.0 = Release|Any CPU
		{543BF317-052B-4C91-B247-1ABB0D0F6A27}.Debug|Any CPU.ActiveCfg = Debug|Any CPU
		{543BF317-052B-4C91-B247-1ABB0D0F6A27}.Debug|Any CPU.Build.0 = Debug|Any CPU
		{543BF317-052B-4C91-B247-1ABB0D0F6A27}.Debug|ARM64.ActiveCfg = Debug|Any CPU
		{543BF317-052B-4C91-B247-1ABB0D0F6A27}.Debug|ARM64.Build.0 = Debug|Any CPU
		{543BF317-052B-4C91-B247-1ABB0D0F6A27}.Debug|x64.ActiveCfg = Debug|Any CPU
		{543BF317-052B-4C91-B247-1ABB0D0F6A27}.Debug|x64.Build.0 = Debug|Any CPU
		{543BF317-052B-4C91-B247-1ABB0D0F6A27}.Debug|x86.ActiveCfg = Debug|Any CPU
		{543BF317-052B-4C91-B247-1ABB0D0F6A27}.Debug|x86.Build.0 = Debug|Any CPU
		{543BF317-052B-4C91-B247-1ABB0D0F6A27}.Release|Any CPU.ActiveCfg = Release|Any CPU
		{543BF317-052B-4C91-B247-1ABB0D0F6A27}.Release|Any CPU.Build.0 = Release|Any CPU
		{543BF317-052B-4C91-B247-1ABB0D0F6A27}.Release|ARM64.ActiveCfg = Release|Any CPU
		{543BF317-052B-4C91-B247-1ABB0D0F6A27}.Release|ARM64.Build.0 = Release|Any CPU
		{543BF317-052B-4C91-B247-1ABB0D0F6A27}.Release|x64.ActiveCfg = Release|Any CPU
		{543BF317-052B-4C91-B247-1ABB0D0F6A27}.Release|x64.Build.0 = Release|Any CPU
		{543BF317-052B-4C91-B247-1ABB0D0F6A27}.Release|x86.ActiveCfg = Release|Any CPU
		{543BF317-052B-4C91-B247-1ABB0D0F6A27}.Release|x86.Build.0 = Release|Any CPU
		{DA85D1A4-2BD6-4869-A11F-28370A6A57BE}.Debug|Any CPU.ActiveCfg = Debug|Any CPU
		{DA85D1A4-2BD6-4869-A11F-28370A6A57BE}.Debug|Any CPU.Build.0 = Debug|Any CPU
		{DA85D1A4-2BD6-4869-A11F-28370A6A57BE}.Debug|ARM64.ActiveCfg = Debug|Any CPU
		{DA85D1A4-2BD6-4869-A11F-28370A6A57BE}.Debug|ARM64.Build.0 = Debug|Any CPU
		{DA85D1A4-2BD6-4869-A11F-28370A6A57BE}.Debug|x64.ActiveCfg = Debug|Any CPU
		{DA85D1A4-2BD6-4869-A11F-28370A6A57BE}.Debug|x64.Build.0 = Debug|Any CPU
		{DA85D1A4-2BD6-4869-A11F-28370A6A57BE}.Debug|x86.ActiveCfg = Debug|Any CPU
		{DA85D1A4-2BD6-4869-A11F-28370A6A57BE}.Debug|x86.Build.0 = Debug|Any CPU
		{DA85D1A4-2BD6-4869-A11F-28370A6A57BE}.Release|Any CPU.ActiveCfg = Release|Any CPU
		{DA85D1A4-2BD6-4869-A11F-28370A6A57BE}.Release|Any CPU.Build.0 = Release|Any CPU
		{DA85D1A4-2BD6-4869-A11F-28370A6A57BE}.Release|ARM64.ActiveCfg = Release|Any CPU
		{DA85D1A4-2BD6-4869-A11F-28370A6A57BE}.Release|ARM64.Build.0 = Release|Any CPU
		{DA85D1A4-2BD6-4869-A11F-28370A6A57BE}.Release|x64.ActiveCfg = Release|Any CPU
		{DA85D1A4-2BD6-4869-A11F-28370A6A57BE}.Release|x64.Build.0 = Release|Any CPU
		{DA85D1A4-2BD6-4869-A11F-28370A6A57BE}.Release|x86.ActiveCfg = Release|Any CPU
		{DA85D1A4-2BD6-4869-A11F-28370A6A57BE}.Release|x86.Build.0 = Release|Any CPU
		{51CAF8F3-3218-45FD-8642-E6ADD50579E8}.Debug|Any CPU.ActiveCfg = Debug|Any CPU
		{51CAF8F3-3218-45FD-8642-E6ADD50579E8}.Debug|Any CPU.Build.0 = Debug|Any CPU
		{51CAF8F3-3218-45FD-8642-E6ADD50579E8}.Debug|ARM64.ActiveCfg = Debug|Any CPU
		{51CAF8F3-3218-45FD-8642-E6ADD50579E8}.Debug|ARM64.Build.0 = Debug|Any CPU
		{51CAF8F3-3218-45FD-8642-E6ADD50579E8}.Debug|x64.ActiveCfg = Debug|Any CPU
		{51CAF8F3-3218-45FD-8642-E6ADD50579E8}.Debug|x64.Build.0 = Debug|Any CPU
		{51CAF8F3-3218-45FD-8642-E6ADD50579E8}.Debug|x86.ActiveCfg = Debug|Any CPU
		{51CAF8F3-3218-45FD-8642-E6ADD50579E8}.Debug|x86.Build.0 = Debug|Any CPU
		{51CAF8F3-3218-45FD-8642-E6ADD50579E8}.Release|Any CPU.ActiveCfg = Release|Any CPU
		{51CAF8F3-3218-45FD-8642-E6ADD50579E8}.Release|Any CPU.Build.0 = Release|Any CPU
		{51CAF8F3-3218-45FD-8642-E6ADD50579E8}.Release|ARM64.ActiveCfg = Release|Any CPU
		{51CAF8F3-3218-45FD-8642-E6ADD50579E8}.Release|ARM64.Build.0 = Release|Any CPU
		{51CAF8F3-3218-45FD-8642-E6ADD50579E8}.Release|x64.ActiveCfg = Release|Any CPU
		{51CAF8F3-3218-45FD-8642-E6ADD50579E8}.Release|x64.Build.0 = Release|Any CPU
		{51CAF8F3-3218-45FD-8642-E6ADD50579E8}.Release|x86.ActiveCfg = Release|Any CPU
		{51CAF8F3-3218-45FD-8642-E6ADD50579E8}.Release|x86.Build.0 = Release|Any CPU
		{D9C59D03-F5CE-469B-85CB-A148E5D50D1B}.Debug|Any CPU.ActiveCfg = Debug|Any CPU
		{D9C59D03-F5CE-469B-85CB-A148E5D50D1B}.Debug|Any CPU.Build.0 = Debug|Any CPU
		{D9C59D03-F5CE-469B-85CB-A148E5D50D1B}.Debug|ARM64.ActiveCfg = Debug|Any CPU
		{D9C59D03-F5CE-469B-85CB-A148E5D50D1B}.Debug|ARM64.Build.0 = Debug|Any CPU
		{D9C59D03-F5CE-469B-85CB-A148E5D50D1B}.Debug|x64.ActiveCfg = Debug|Any CPU
		{D9C59D03-F5CE-469B-85CB-A148E5D50D1B}.Debug|x64.Build.0 = Debug|Any CPU
		{D9C59D03-F5CE-469B-85CB-A148E5D50D1B}.Debug|x86.ActiveCfg = Debug|Any CPU
		{D9C59D03-F5CE-469B-85CB-A148E5D50D1B}.Debug|x86.Build.0 = Debug|Any CPU
		{D9C59D03-F5CE-469B-85CB-A148E5D50D1B}.Release|Any CPU.ActiveCfg = Release|Any CPU
		{D9C59D03-F5CE-469B-85CB-A148E5D50D1B}.Release|Any CPU.Build.0 = Release|Any CPU
		{D9C59D03-F5CE-469B-85CB-A148E5D50D1B}.Release|ARM64.ActiveCfg = Release|Any CPU
		{D9C59D03-F5CE-469B-85CB-A148E5D50D1B}.Release|ARM64.Build.0 = Release|Any CPU
		{D9C59D03-F5CE-469B-85CB-A148E5D50D1B}.Release|x64.ActiveCfg = Release|Any CPU
		{D9C59D03-F5CE-469B-85CB-A148E5D50D1B}.Release|x64.Build.0 = Release|Any CPU
		{D9C59D03-F5CE-469B-85CB-A148E5D50D1B}.Release|x86.ActiveCfg = Release|Any CPU
		{D9C59D03-F5CE-469B-85CB-A148E5D50D1B}.Release|x86.Build.0 = Release|Any CPU
		{616C5296-272F-48B6-B6B9-D5E8DE0E9AA3}.Debug|Any CPU.ActiveCfg = Debug|Any CPU
		{616C5296-272F-48B6-B6B9-D5E8DE0E9AA3}.Debug|Any CPU.Build.0 = Debug|Any CPU
		{616C5296-272F-48B6-B6B9-D5E8DE0E9AA3}.Debug|ARM64.ActiveCfg = Debug|Any CPU
		{616C5296-272F-48B6-B6B9-D5E8DE0E9AA3}.Debug|ARM64.Build.0 = Debug|Any CPU
		{616C5296-272F-48B6-B6B9-D5E8DE0E9AA3}.Debug|x64.ActiveCfg = Debug|Any CPU
		{616C5296-272F-48B6-B6B9-D5E8DE0E9AA3}.Debug|x64.Build.0 = Debug|Any CPU
		{616C5296-272F-48B6-B6B9-D5E8DE0E9AA3}.Debug|x86.ActiveCfg = Debug|Any CPU
		{616C5296-272F-48B6-B6B9-D5E8DE0E9AA3}.Debug|x86.Build.0 = Debug|Any CPU
		{616C5296-272F-48B6-B6B9-D5E8DE0E9AA3}.Release|Any CPU.ActiveCfg = Release|Any CPU
		{616C5296-272F-48B6-B6B9-D5E8DE0E9AA3}.Release|Any CPU.Build.0 = Release|Any CPU
		{616C5296-272F-48B6-B6B9-D5E8DE0E9AA3}.Release|ARM64.ActiveCfg = Release|Any CPU
		{616C5296-272F-48B6-B6B9-D5E8DE0E9AA3}.Release|ARM64.Build.0 = Release|Any CPU
		{616C5296-272F-48B6-B6B9-D5E8DE0E9AA3}.Release|x64.ActiveCfg = Release|Any CPU
		{616C5296-272F-48B6-B6B9-D5E8DE0E9AA3}.Release|x64.Build.0 = Release|Any CPU
		{616C5296-272F-48B6-B6B9-D5E8DE0E9AA3}.Release|x86.ActiveCfg = Release|Any CPU
		{616C5296-272F-48B6-B6B9-D5E8DE0E9AA3}.Release|x86.Build.0 = Release|Any CPU
		{58202322-86B7-1459-6ADF-020747A92DCB}.Debug|Any CPU.ActiveCfg = Debug|Any CPU
		{58202322-86B7-1459-6ADF-020747A92DCB}.Debug|Any CPU.Build.0 = Debug|Any CPU
		{58202322-86B7-1459-6ADF-020747A92DCB}.Debug|ARM64.ActiveCfg = Debug|Any CPU
		{58202322-86B7-1459-6ADF-020747A92DCB}.Debug|ARM64.Build.0 = Debug|Any CPU
		{58202322-86B7-1459-6ADF-020747A92DCB}.Debug|x64.ActiveCfg = Debug|Any CPU
		{58202322-86B7-1459-6ADF-020747A92DCB}.Debug|x64.Build.0 = Debug|Any CPU
		{58202322-86B7-1459-6ADF-020747A92DCB}.Debug|x86.ActiveCfg = Debug|Any CPU
		{58202322-86B7-1459-6ADF-020747A92DCB}.Debug|x86.Build.0 = Debug|Any CPU
		{58202322-86B7-1459-6ADF-020747A92DCB}.Release|Any CPU.ActiveCfg = Release|Any CPU
		{58202322-86B7-1459-6ADF-020747A92DCB}.Release|Any CPU.Build.0 = Release|Any CPU
		{58202322-86B7-1459-6ADF-020747A92DCB}.Release|ARM64.ActiveCfg = Release|Any CPU
		{58202322-86B7-1459-6ADF-020747A92DCB}.Release|ARM64.Build.0 = Release|Any CPU
		{58202322-86B7-1459-6ADF-020747A92DCB}.Release|x64.ActiveCfg = Release|Any CPU
		{58202322-86B7-1459-6ADF-020747A92DCB}.Release|x64.Build.0 = Release|Any CPU
		{58202322-86B7-1459-6ADF-020747A92DCB}.Release|x86.ActiveCfg = Release|Any CPU
		{58202322-86B7-1459-6ADF-020747A92DCB}.Release|x86.Build.0 = Release|Any CPU
		{3997131E-F284-4A41-93A3-801AA93CB6D1}.Debug|Any CPU.ActiveCfg = Debug|Any CPU
		{3997131E-F284-4A41-93A3-801AA93CB6D1}.Debug|Any CPU.Build.0 = Debug|Any CPU
		{3997131E-F284-4A41-93A3-801AA93CB6D1}.Debug|ARM64.ActiveCfg = Debug|Any CPU
		{3997131E-F284-4A41-93A3-801AA93CB6D1}.Debug|ARM64.Build.0 = Debug|Any CPU
		{3997131E-F284-4A41-93A3-801AA93CB6D1}.Debug|x64.ActiveCfg = Debug|Any CPU
		{3997131E-F284-4A41-93A3-801AA93CB6D1}.Debug|x64.Build.0 = Debug|Any CPU
		{3997131E-F284-4A41-93A3-801AA93CB6D1}.Debug|x86.ActiveCfg = Debug|Any CPU
		{3997131E-F284-4A41-93A3-801AA93CB6D1}.Debug|x86.Build.0 = Debug|Any CPU
		{3997131E-F284-4A41-93A3-801AA93CB6D1}.Release|Any CPU.ActiveCfg = Release|Any CPU
		{3997131E-F284-4A41-93A3-801AA93CB6D1}.Release|Any CPU.Build.0 = Release|Any CPU
		{3997131E-F284-4A41-93A3-801AA93CB6D1}.Release|ARM64.ActiveCfg = Release|Any CPU
		{3997131E-F284-4A41-93A3-801AA93CB6D1}.Release|ARM64.Build.0 = Release|Any CPU
		{3997131E-F284-4A41-93A3-801AA93CB6D1}.Release|x64.ActiveCfg = Release|Any CPU
		{3997131E-F284-4A41-93A3-801AA93CB6D1}.Release|x64.Build.0 = Release|Any CPU
		{3997131E-F284-4A41-93A3-801AA93CB6D1}.Release|x86.ActiveCfg = Release|Any CPU
		{3997131E-F284-4A41-93A3-801AA93CB6D1}.Release|x86.Build.0 = Release|Any CPU
		{88C2CF9E-1FB5-4129-8EC7-0B415E107108}.Debug|Any CPU.ActiveCfg = Debug|Any CPU
		{88C2CF9E-1FB5-4129-8EC7-0B415E107108}.Debug|Any CPU.Build.0 = Debug|Any CPU
		{88C2CF9E-1FB5-4129-8EC7-0B415E107108}.Debug|ARM64.ActiveCfg = Debug|Any CPU
		{88C2CF9E-1FB5-4129-8EC7-0B415E107108}.Debug|ARM64.Build.0 = Debug|Any CPU
		{88C2CF9E-1FB5-4129-8EC7-0B415E107108}.Debug|x64.ActiveCfg = Debug|Any CPU
		{88C2CF9E-1FB5-4129-8EC7-0B415E107108}.Debug|x64.Build.0 = Debug|Any CPU
		{88C2CF9E-1FB5-4129-8EC7-0B415E107108}.Debug|x86.ActiveCfg = Debug|Any CPU
		{88C2CF9E-1FB5-4129-8EC7-0B415E107108}.Debug|x86.Build.0 = Debug|Any CPU
		{88C2CF9E-1FB5-4129-8EC7-0B415E107108}.Release|Any CPU.ActiveCfg = Release|Any CPU
		{88C2CF9E-1FB5-4129-8EC7-0B415E107108}.Release|Any CPU.Build.0 = Release|Any CPU
		{88C2CF9E-1FB5-4129-8EC7-0B415E107108}.Release|ARM64.ActiveCfg = Release|Any CPU
		{88C2CF9E-1FB5-4129-8EC7-0B415E107108}.Release|ARM64.Build.0 = Release|Any CPU
		{88C2CF9E-1FB5-4129-8EC7-0B415E107108}.Release|x64.ActiveCfg = Release|Any CPU
		{88C2CF9E-1FB5-4129-8EC7-0B415E107108}.Release|x64.Build.0 = Release|Any CPU
		{88C2CF9E-1FB5-4129-8EC7-0B415E107108}.Release|x86.ActiveCfg = Release|Any CPU
		{88C2CF9E-1FB5-4129-8EC7-0B415E107108}.Release|x86.Build.0 = Release|Any CPU
		{2C08501B-2D2D-47D3-99BA-B202EA951B10}.Debug|Any CPU.ActiveCfg = Debug|Any CPU
		{2C08501B-2D2D-47D3-99BA-B202EA951B10}.Debug|Any CPU.Build.0 = Debug|Any CPU
		{2C08501B-2D2D-47D3-99BA-B202EA951B10}.Debug|ARM64.ActiveCfg = Debug|Any CPU
		{2C08501B-2D2D-47D3-99BA-B202EA951B10}.Debug|ARM64.Build.0 = Debug|Any CPU
		{2C08501B-2D2D-47D3-99BA-B202EA951B10}.Debug|x64.ActiveCfg = Debug|Any CPU
		{2C08501B-2D2D-47D3-99BA-B202EA951B10}.Debug|x64.Build.0 = Debug|Any CPU
		{2C08501B-2D2D-47D3-99BA-B202EA951B10}.Debug|x86.ActiveCfg = Debug|Any CPU
		{2C08501B-2D2D-47D3-99BA-B202EA951B10}.Debug|x86.Build.0 = Debug|Any CPU
		{2C08501B-2D2D-47D3-99BA-B202EA951B10}.Release|Any CPU.ActiveCfg = Release|Any CPU
		{2C08501B-2D2D-47D3-99BA-B202EA951B10}.Release|Any CPU.Build.0 = Release|Any CPU
		{2C08501B-2D2D-47D3-99BA-B202EA951B10}.Release|ARM64.ActiveCfg = Release|Any CPU
		{2C08501B-2D2D-47D3-99BA-B202EA951B10}.Release|ARM64.Build.0 = Release|Any CPU
		{2C08501B-2D2D-47D3-99BA-B202EA951B10}.Release|x64.ActiveCfg = Release|Any CPU
		{2C08501B-2D2D-47D3-99BA-B202EA951B10}.Release|x64.Build.0 = Release|Any CPU
		{2C08501B-2D2D-47D3-99BA-B202EA951B10}.Release|x86.ActiveCfg = Release|Any CPU
		{2C08501B-2D2D-47D3-99BA-B202EA951B10}.Release|x86.Build.0 = Release|Any CPU
	EndGlobalSection
	GlobalSection(SolutionProperties) = preSolution
		HideSolutionNode = FALSE
	EndGlobalSection
	GlobalSection(NestedProjects) = preSolution
		{02EA681E-C7D8-13C7-8484-4AC65E1B71E8} = {B96B3A02-1D3A-404B-A5A7-2E9E72957FF0}
		{6CD3A0A7-147D-4E70-ACDD-F738D96303A0} = {A0D03153-CEC3-486F-893A-AD3D6E285847}
		{2129A396-609D-4BAD-BF44-7905156C0ACE} = {A0D03153-CEC3-486F-893A-AD3D6E285847}
		{2C08501B-2D2D-47D3-99BA-B202EA951B10} = {02EA681E-C7D8-13C7-8484-4AC65E1B71E8}
	EndGlobalSection
	GlobalSection(ExtensibilityGlobals) = postSolution
		SolutionGuid = {7710B882-AC91-43E6-B85B-4ECE9C2157D1}
	EndGlobalSection
	GlobalSection(SharedMSBuildProjectFiles) = preSolution
		HelixToolkit.SharpDX.SharedModel\HelixToolkit.SharpDX.SharedModel.projitems*{254360e5-0c36-44c9-a0fc-fb01b327cba6}*SharedItemsImports = 13
		HelixToolkit.SharpDX.SharedModel\HelixToolkit.SharpDX.SharedModel.projitems*{88c2cf9e-1fb5-4129-8ec7-0b415e107108}*SharedItemsImports = 5
	EndGlobalSection
EndGlobal
